
Microsoft Visual Studio Solution File, Format Version 12.00
# Visual Studio Version 17
VisualStudioVersion = 17.7.34221.43
MinimumVisualStudioVersion = 10.0.40219.1
Project("{888888A0-9F3D-457C-B088-3A5042F75D52}") = "transformation", "transformation.pyproj", "{A67A93FF-190D-4DD1-B38F-17E9FE94668B}"
EndProject
Global
	GlobalSection(SolutionConfigurationPlatforms) = preSolution
		Debug|Any CPU = Debug|Any CPU
		Release|Any CPU = Release|Any CPU
	EndGlobalSection
	GlobalSection(ProjectConfigurationPlatforms) = postSolution
		{A67A93FF-190D-4DD1-B38F-17E9FE94668B}.Debug|Any CPU.ActiveCfg = Debug|Any CPU
		{A67A93FF-190D-4DD1-B38F-17E9FE94668B}.Release|Any CPU.ActiveCfg = Release|Any CPU
	EndGlobalSection
	GlobalSection(SolutionProperties) = preSolution
		HideSolutionNode = FALSE
	EndGlobalSection
	GlobalSection(ExtensibilityGlobals) = postSolution
		SolutionGuid = {2B61C991-3D69-4806-9998-C22507067BB5}
	EndGlobalSection
EndGlobal
